// !$*UTF8*$!
{
	archiveVersion = 1;
	classes = {
	};
	objectVersion = 46;
	objects = {

/* Begin PBXBuildFile section */
		84C5FFB21D941A840062EEA3 /* main.m in Sources */ = {isa = PBXBuildFile; fileRef = 84C5FFB11D941A840062EEA3 /* main.m */; };
		84C5FFB51D941A840062EEA3 /* AppDelegate.m in Sources */ = {isa = PBXBuildFile; fileRef = 84C5FFB41D941A840062EEA3 /* AppDelegate.m */; };
		84C5FFBD1D941A840062EEA3 /* Assets.xcassets in Resources */ = {isa = PBXBuildFile; fileRef = 84C5FFBC1D941A840062EEA3 /* Assets.xcassets */; };
		84C5FFC01D941A840062EEA3 /* LaunchScreen.storyboard in Resources */ = {isa = PBXBuildFile; fileRef = 84C5FFBE1D941A840062EEA3 /* LaunchScreen.storyboard */; };
		84F5DC631D94B11A00C95B57 /* DQTabBarController.m in Sources */ = {isa = PBXBuildFile; fileRef = 84F5DC621D94B11A00C95B57 /* DQTabBarController.m */; };
		84F5DC661D94B13100C95B57 /* DQBaseTabBar.m in Sources */ = {isa = PBXBuildFile; fileRef = 84F5DC651D94B13100C95B57 /* DQBaseTabBar.m */; };
		84F5DC691D94B15400C95B57 /* DQBaseNavigationController.m in Sources */ = {isa = PBXBuildFile; fileRef = 84F5DC681D94B15400C95B57 /* DQBaseNavigationController.m */; };
		84F5DC6C1D94B16A00C95B57 /* DQMessageViewController.m in Sources */ = {isa = PBXBuildFile; fileRef = 84F5DC6B1D94B16A00C95B57 /* DQMessageViewController.m */; };
		84F5DC6F1D94B19A00C95B57 /* DQProfileViewController.m in Sources */ = {isa = PBXBuildFile; fileRef = 84F5DC6E1D94B19A00C95B57 /* DQProfileViewController.m */; };
		84F5DC721D94B1B000C95B57 /* DQHomeViewController.m in Sources */ = {isa = PBXBuildFile; fileRef = 84F5DC711D94B1B000C95B57 /* DQHomeViewController.m */; };
		84F5DC751D94B1CE00C95B57 /* DQDiscoverViewController.m in Sources */ = {isa = PBXBuildFile; fileRef = 84F5DC741D94B1CE00C95B57 /* DQDiscoverViewController.m */; };
		84F5DC781D94C31800C95B57 /* UIBarButtonItem+Extension.m in Sources */ = {isa = PBXBuildFile; fileRef = 84F5DC771D94C31800C95B57 /* UIBarButtonItem+Extension.m */; };
		84F5DC7B1D94C60D00C95B57 /* DQTempViewController.m in Sources */ = {isa = PBXBuildFile; fileRef = 84F5DC7A1D94C60D00C95B57 /* DQTempViewController.m */; };
/* End PBXBuildFile section */

/* Begin PBXFileReference section */
		84C5FFAD1D941A840062EEA3 /* SinaWeibo-OC.app */ = {isa = PBXFileReference; explicitFileType = wrapper.application; includeInIndex = 0; path = "SinaWeibo-OC.app"; sourceTree = BUILT_PRODUCTS_DIR; };
		84C5FFB11D941A840062EEA3 /* main.m */ = {isa = PBXFileReference; lastKnownFileType = sourcecode.c.objc; path = main.m; sourceTree = "<group>"; };
		84C5FFB31D941A840062EEA3 /* AppDelegate.h */ = {isa = PBXFileReference; lastKnownFileType = sourcecode.c.h; path = AppDelegate.h; sourceTree = "<group>"; };
		84C5FFB41D941A840062EEA3 /* AppDelegate.m */ = {isa = PBXFileReference; lastKnownFileType = sourcecode.c.objc; path = AppDelegate.m; sourceTree = "<group>"; };
		84C5FFBC1D941A840062EEA3 /* Assets.xcassets */ = {isa = PBXFileReference; lastKnownFileType = folder.assetcatalog; path = Assets.xcassets; sourceTree = "<group>"; };
		84C5FFBF1D941A840062EEA3 /* Base */ = {isa = PBXFileReference; lastKnownFileType = file.storyboard; name = Base; path = Base.lproj/LaunchScreen.storyboard; sourceTree = "<group>"; };
		84C5FFC11D941A840062EEA3 /* Info.plist */ = {isa = PBXFileReference; lastKnownFileType = text.plist.xml; path = Info.plist; sourceTree = "<group>"; };
		84F5DC611D94B11A00C95B57 /* DQTabBarController.h */ = {isa = PBXFileReference; fileEncoding = 4; lastKnownFileType = sourcecode.c.h; path = DQTabBarController.h; sourceTree = "<group>"; };
		84F5DC621D94B11A00C95B57 /* DQTabBarController.m */ = {isa = PBXFileReference; fileEncoding = 4; lastKnownFileType = sourcecode.c.objc; path = DQTabBarController.m; sourceTree = "<group>"; };
		84F5DC641D94B13100C95B57 /* DQBaseTabBar.h */ = {isa = PBXFileReference; fileEncoding = 4; lastKnownFileType = sourcecode.c.h; path = DQBaseTabBar.h; sourceTree = "<group>"; };
		84F5DC651D94B13100C95B57 /* DQBaseTabBar.m */ = {isa = PBXFileReference; fileEncoding = 4; lastKnownFileType = sourcecode.c.objc; path = DQBaseTabBar.m; sourceTree = "<group>"; };
		84F5DC671D94B15400C95B57 /* DQBaseNavigationController.h */ = {isa = PBXFileReference; fileEncoding = 4; lastKnownFileType = sourcecode.c.h; path = DQBaseNavigationController.h; sourceTree = "<group>"; };
		84F5DC681D94B15400C95B57 /* DQBaseNavigationController.m */ = {isa = PBXFileReference; fileEncoding = 4; lastKnownFileType = sourcecode.c.objc; path = DQBaseNavigationController.m; sourceTree = "<group>"; };
		84F5DC6A1D94B16A00C95B57 /* DQMessageViewController.h */ = {isa = PBXFileReference; fileEncoding = 4; lastKnownFileType = sourcecode.c.h; path = DQMessageViewController.h; sourceTree = "<group>"; };
		84F5DC6B1D94B16A00C95B57 /* DQMessageViewController.m */ = {isa = PBXFileReference; fileEncoding = 4; lastKnownFileType = sourcecode.c.objc; path = DQMessageViewController.m; sourceTree = "<group>"; };
		84F5DC6D1D94B19A00C95B57 /* DQProfileViewController.h */ = {isa = PBXFileReference; fileEncoding = 4; lastKnownFileType = sourcecode.c.h; path = DQProfileViewController.h; sourceTree = "<group>"; };
		84F5DC6E1D94B19A00C95B57 /* DQProfileViewController.m */ = {isa = PBXFileReference; fileEncoding = 4; lastKnownFileType = sourcecode.c.objc; path = DQProfileViewController.m; sourceTree = "<group>"; };
		84F5DC701D94B1B000C95B57 /* DQHomeViewController.h */ = {isa = PBXFileReference; fileEncoding = 4; lastKnownFileType = sourcecode.c.h; path = DQHomeViewController.h; sourceTree = "<group>"; };
		84F5DC711D94B1B000C95B57 /* DQHomeViewController.m */ = {isa = PBXFileReference; fileEncoding = 4; lastKnownFileType = sourcecode.c.objc; path = DQHomeViewController.m; sourceTree = "<group>"; };
		84F5DC731D94B1CE00C95B57 /* DQDiscoverViewController.h */ = {isa = PBXFileReference; fileEncoding = 4; lastKnownFileType = sourcecode.c.h; path = DQDiscoverViewController.h; sourceTree = "<group>"; };
		84F5DC741D94B1CE00C95B57 /* DQDiscoverViewController.m */ = {isa = PBXFileReference; fileEncoding = 4; lastKnownFileType = sourcecode.c.objc; path = DQDiscoverViewController.m; sourceTree = "<group>"; };
		84F5DC761D94C31800C95B57 /* UIBarButtonItem+Extension.h */ = {isa = PBXFileReference; fileEncoding = 4; lastKnownFileType = sourcecode.c.h; path = "UIBarButtonItem+Extension.h"; sourceTree = "<group>"; };
		84F5DC771D94C31800C95B57 /* UIBarButtonItem+Extension.m */ = {isa = PBXFileReference; fileEncoding = 4; lastKnownFileType = sourcecode.c.objc; path = "UIBarButtonItem+Extension.m"; sourceTree = "<group>"; };
		84F5DC791D94C60D00C95B57 /* DQTempViewController.h */ = {isa = PBXFileReference; fileEncoding = 4; lastKnownFileType = sourcecode.c.h; path = DQTempViewController.h; sourceTree = "<group>"; };
		84F5DC7A1D94C60D00C95B57 /* DQTempViewController.m */ = {isa = PBXFileReference; fileEncoding = 4; lastKnownFileType = sourcecode.c.objc; path = DQTempViewController.m; sourceTree = "<group>"; };
/* End PBXFileReference section */

/* Begin PBXFrameworksBuildPhase section */
		84C5FFAA1D941A840062EEA3 /* Frameworks */ = {
			isa = PBXFrameworksBuildPhase;
			buildActionMask = 2147483647;
			files = (
			);
			runOnlyForDeploymentPostprocessing = 0;
		};
/* End PBXFrameworksBuildPhase section */

/* Begin PBXGroup section */
		84C5FFA41D941A840062EEA3 = {
			isa = PBXGroup;
			children = (
				84C5FFAF1D941A840062EEA3 /* SinaWeibo-OC */,
				84C5FFAE1D941A840062EEA3 /* Products */,
			);
			sourceTree = "<group>";
		};
		84C5FFAE1D941A840062EEA3 /* Products */ = {
			isa = PBXGroup;
			children = (
				84C5FFAD1D941A840062EEA3 /* SinaWeibo-OC.app */,
			);
			name = Products;
			sourceTree = "<group>";
		};
		84C5FFAF1D941A840062EEA3 /* SinaWeibo-OC */ = {
			isa = PBXGroup;
			children = (
				84C5FFC71D94221E0062EEA3 /* Classes */,
				84C5FFB31D941A840062EEA3 /* AppDelegate.h */,
				84C5FFB41D941A840062EEA3 /* AppDelegate.m */,
				84C5FFBC1D941A840062EEA3 /* Assets.xcassets */,
				84C5FFBE1D941A840062EEA3 /* LaunchScreen.storyboard */,
				84C5FFC11D941A840062EEA3 /* Info.plist */,
				84C5FFB01D941A840062EEA3 /* Supporting Files */,
			);
			path = "SinaWeibo-OC";
			sourceTree = "<group>";
		};
		84C5FFB01D941A840062EEA3 /* Supporting Files */ = {
			isa = PBXGroup;
			children = (
				84C5FFB11D941A840062EEA3 /* main.m */,
			);
			name = "Supporting Files";
			sourceTree = "<group>";
		};
		84C5FFC71D94221E0062EEA3 /* Classes */ = {
			isa = PBXGroup;
			children = (
				84C5FFCB1D94221E0062EEA3 /* View */,
				84C5FFC91D94221E0062EEA3 /* Tool */,
				84C5FFC81D94221E0062EEA3 /* Other */,
			);
			path = Classes;
			sourceTree = "<group>";
		};
		84C5FFC81D94221E0062EEA3 /* Other */ = {
			isa = PBXGroup;
			children = (
				84F5DC791D94C60D00C95B57 /* DQTempViewController.h */,
				84F5DC7A1D94C60D00C95B57 /* DQTempViewController.m */,
			);
			path = Other;
			sourceTree = "<group>";
		};
		84C5FFC91D94221E0062EEA3 /* Tool */ = {
			isa = PBXGroup;
			children = (
				84C5FFCA1D94221E0062EEA3 /* Extension */,
			);
			path = Tool;
			sourceTree = "<group>";
		};
		84C5FFCA1D94221E0062EEA3 /* Extension */ = {
			isa = PBXGroup;
			children = (
				84F5DC761D94C31800C95B57 /* UIBarButtonItem+Extension.h */,
				84F5DC771D94C31800C95B57 /* UIBarButtonItem+Extension.m */,
			);
			path = Extension;
			sourceTree = "<group>";
		};
		84C5FFCB1D94221E0062EEA3 /* View */ = {
			isa = PBXGroup;
			children = (
				84C5FFD21D94221E0062EEA3 /* Main */,
				84C5FFCF1D94221E0062EEA3 /* Home */,
				84C5FFD51D94221E0062EEA3 /* Message */,
				84C5FFCC1D94221E0062EEA3 /* Discover */,
				84C5FFD81D94221E0062EEA3 /* Profile */,
			);
			path = View;
			sourceTree = "<group>";
		};
		84C5FFCC1D94221E0062EEA3 /* Discover */ = {
			isa = PBXGroup;
			children = (
				84C5FFCD1D94221E0062EEA3 /* View */,
				84C5FFCE1D94221E0062EEA3 /* ViewController */,
			);
			path = Discover;
			sourceTree = "<group>";
		};
		84C5FFCD1D94221E0062EEA3 /* View */ = {
			isa = PBXGroup;
			children = (
			);
			path = View;
			sourceTree = "<group>";
		};
		84C5FFCE1D94221E0062EEA3 /* ViewController */ = {
			isa = PBXGroup;
			children = (
				84F5DC731D94B1CE00C95B57 /* DQDiscoverViewController.h */,
				84F5DC741D94B1CE00C95B57 /* DQDiscoverViewController.m */,
			);
			path = ViewController;
			sourceTree = "<group>";
		};
		84C5FFCF1D94221E0062EEA3 /* Home */ = {
			isa = PBXGroup;
			children = (
				84C5FFD01D94221E0062EEA3 /* View */,
				84C5FFD11D94221E0062EEA3 /* ViewController */,
			);
			path = Home;
			sourceTree = "<group>";
		};
		84C5FFD01D94221E0062EEA3 /* View */ = {
			isa = PBXGroup;
			children = (
			);
			path = View;
			sourceTree = "<group>";
		};
		84C5FFD11D94221E0062EEA3 /* ViewController */ = {
			isa = PBXGroup;
			children = (
				84F5DC701D94B1B000C95B57 /* DQHomeViewController.h */,
				84F5DC711D94B1B000C95B57 /* DQHomeViewController.m */,
			);
			path = ViewController;
			sourceTree = "<group>";
		};
		84C5FFD21D94221E0062EEA3 /* Main */ = {
			isa = PBXGroup;
			children = (
				84C5FFD31D94221E0062EEA3 /* View */,
				84C5FFD41D94221E0062EEA3 /* ViewController */,
			);
			path = Main;
			sourceTree = "<group>";
		};
		84C5FFD31D94221E0062EEA3 /* View */ = {
			isa = PBXGroup;
			children = (
				84F5DC641D94B13100C95B57 /* DQBaseTabBar.h */,
				84F5DC651D94B13100C95B57 /* DQBaseTabBar.m */,
			);
			path = View;
			sourceTree = "<group>";
		};
		84C5FFD41D94221E0062EEA3 /* ViewController */ = {
			isa = PBXGroup;
			children = (
				84F5DC611D94B11A00C95B57 /* DQTabBarController.h */,
				84F5DC621D94B11A00C95B57 /* DQTabBarController.m */,
				84F5DC671D94B15400C95B57 /* DQBaseNavigationController.h */,
				84F5DC681D94B15400C95B57 /* DQBaseNavigationController.m */,
			);
			path = ViewController;
			sourceTree = "<group>";
		};
		84C5FFD51D94221E0062EEA3 /* Message */ = {
			isa = PBXGroup;
			children = (
				84C5FFD61D94221E0062EEA3 /* View */,
				84C5FFD71D94221E0062EEA3 /* ViewController */,
			);
			path = Message;
			sourceTree = "<group>";
		};
		84C5FFD61D94221E0062EEA3 /* View */ = {
			isa = PBXGroup;
			children = (
			);
			path = View;
			sourceTree = "<group>";
		};
		84C5FFD71D94221E0062EEA3 /* ViewController */ = {
			isa = PBXGroup;
			children = (
				84F5DC6A1D94B16A00C95B57 /* DQMessageViewController.h */,
				84F5DC6B1D94B16A00C95B57 /* DQMessageViewController.m */,
			);
			path = ViewController;
			sourceTree = "<group>";
		};
		84C5FFD81D94221E0062EEA3 /* Profile */ = {
			isa = PBXGroup;
			children = (
				84C5FFD91D94221E0062EEA3 /* View */,
				84C5FFDA1D94221E0062EEA3 /* ViewController */,
			);
			path = Profile;
			sourceTree = "<group>";
		};
		84C5FFD91D94221E0062EEA3 /* View */ = {
			isa = PBXGroup;
			children = (
			);
			path = View;
			sourceTree = "<group>";
		};
		84C5FFDA1D94221E0062EEA3 /* ViewController */ = {
			isa = PBXGroup;
			children = (
				84F5DC6D1D94B19A00C95B57 /* DQProfileViewController.h */,
				84F5DC6E1D94B19A00C95B57 /* DQProfileViewController.m */,
			);
			path = ViewController;
			sourceTree = "<group>";
		};
/* End PBXGroup section */

/* Begin PBXNativeTarget section */
		84C5FFAC1D941A840062EEA3 /* SinaWeibo-OC */ = {
			isa = PBXNativeTarget;
			buildConfigurationList = 84C5FFC41D941A840062EEA3 /* Build configuration list for PBXNativeTarget "SinaWeibo-OC" */;
			buildPhases = (
				84C5FFA91D941A840062EEA3 /* Sources */,
				84C5FFAA1D941A840062EEA3 /* Frameworks */,
				84C5FFAB1D941A840062EEA3 /* Resources */,
			);
			buildRules = (
			);
			dependencies = (
			);
			name = "SinaWeibo-OC";
			productName = "SinaWeibo-OC";
			productReference = 84C5FFAD1D941A840062EEA3 /* SinaWeibo-OC.app */;
			productType = "com.apple.product-type.application";
		};
/* End PBXNativeTarget section */

/* Begin PBXProject section */
		84C5FFA51D941A840062EEA3 /* Project object */ = {
			isa = PBXProject;
			attributes = {
				CLASSPREFIX = DQ;
				LastUpgradeCheck = 0800;
				ORGANIZATIONNAME = Derrick_Qin;
				TargetAttributes = {
					84C5FFAC1D941A840062EEA3 = {
						CreatedOnToolsVersion = 8.0;
						ProvisioningStyle = Automatic;
					};
				};
			};
			buildConfigurationList = 84C5FFA81D941A840062EEA3 /* Build configuration list for PBXProject "SinaWeibo-OC" */;
			compatibilityVersion = "Xcode 3.2";
			developmentRegion = English;
			hasScannedForEncodings = 0;
			knownRegions = (
				en,
				Base,
			);
			mainGroup = 84C5FFA41D941A840062EEA3;
			productRefGroup = 84C5FFAE1D941A840062EEA3 /* Products */;
			projectDirPath = "";
			projectRoot = "";
			targets = (
				84C5FFAC1D941A840062EEA3 /* SinaWeibo-OC */,
			);
		};
/* End PBXProject section */

/* Begin PBXResourcesBuildPhase section */
		84C5FFAB1D941A840062EEA3 /* Resources */ = {
			isa = PBXResourcesBuildPhase;
			buildActionMask = 2147483647;
			files = (
				84C5FFC01D941A840062EEA3 /* LaunchScreen.storyboard in Resources */,
				84C5FFBD1D941A840062EEA3 /* Assets.xcassets in Resources */,
			);
			runOnlyForDeploymentPostprocessing = 0;
		};
/* End PBXResourcesBuildPhase section */

/* Begin PBXSourcesBuildPhase section */
		84C5FFA91D941A840062EEA3 /* Sources */ = {
			isa = PBXSourcesBuildPhase;
			buildActionMask = 2147483647;
			files = (
				84C5FFB51D941A840062EEA3 /* AppDelegate.m in Sources */,
				84F5DC751D94B1CE00C95B57 /* DQDiscoverViewController.m in Sources */,
				84F5DC691D94B15400C95B57 /* DQBaseNavigationController.m in Sources */,
				84F5DC6F1D94B19A00C95B57 /* DQProfileViewController.m in Sources */,
				84F5DC781D94C31800C95B57 /* UIBarButtonItem+Extension.m in Sources */,
				84F5DC7B1D94C60D00C95B57 /* DQTempViewController.m in Sources */,
				84F5DC661D94B13100C95B57 /* DQBaseTabBar.m in Sources */,
				84C5FFB21D941A840062EEA3 /* main.m in Sources */,
				84F5DC631D94B11A00C95B57 /* DQTabBarController.m in Sources */,
				84F5DC721D94B1B000C95B57 /* DQHomeViewController.m in Sources */,
				84F5DC6C1D94B16A00C95B57 /* DQMessageViewController.m in Sources */,
			);
			runOnlyForDeploymentPostprocessing = 0;
		};
/* End PBXSourcesBuildPhase section */

/* Begin PBXVariantGroup section */
		84C5FFBE1D941A840062EEA3 /* LaunchScreen.storyboard */ = {
			isa = PBXVariantGroup;
			children = (
				84C5FFBF1D941A840062EEA3 /* Base */,
			);
			name = LaunchScreen.storyboard;
			sourceTree = "<group>";
		};
/* End PBXVariantGroup section */

/* Begin XCBuildConfiguration section */
		84C5FFC21D941A840062EEA3 /* Debug */ = {
			isa = XCBuildConfiguration;
			buildSettings = {
				ALWAYS_SEARCH_USER_PATHS = NO;
				CLANG_ANALYZER_NONNULL = YES;
				CLANG_CXX_LANGUAGE_STANDARD = "gnu++0x";
				CLANG_CXX_LIBRARY = "libc++";
				CLANG_ENABLE_MODULES = YES;
				CLANG_ENABLE_OBJC_ARC = YES;
				CLANG_WARN_BOOL_CONVERSION = YES;
				CLANG_WARN_CONSTANT_CONVERSION = YES;
				CLANG_WARN_DIRECT_OBJC_ISA_USAGE = YES_ERROR;
				CLANG_WARN_DOCUMENTATION_COMMENTS = YES;
				CLANG_WARN_EMPTY_BODY = YES;
				CLANG_WARN_ENUM_CONVERSION = YES;
				CLANG_WARN_INFINITE_RECURSION = YES;
				CLANG_WARN_INT_CONVERSION = YES;
				CLANG_WARN_OBJC_ROOT_CLASS = YES_ERROR;
				CLANG_WARN_SUSPICIOUS_MOVES = YES;
				CLANG_WARN_UNREACHABLE_CODE = YES;
				CLANG_WARN__DUPLICATE_METHOD_MATCH = YES;
				"CODE_SIGN_IDENTITY[sdk=iphoneos*]" = "iPhone Developer";
				COPY_PHASE_STRIP = NO;
				DEBUG_INFORMATION_FORMAT = dwarf;
				ENABLE_STRICT_OBJC_MSGSEND = YES;
				ENABLE_TESTABILITY = YES;
				GCC_C_LANGUAGE_STANDARD = gnu99;
				GCC_DYNAMIC_NO_PIC = NO;
				GCC_NO_COMMON_BLOCKS = YES;
				GCC_OPTIMIZATION_LEVEL = 0;
				GCC_PREPROCESSOR_DEFINITIONS = (
					"DEBUG=1",
					"$(inherited)",
				);
				GCC_WARN_64_TO_32_BIT_CONVERSION = YES;
				GCC_WARN_ABOUT_RETURN_TYPE = YES_ERROR;
				GCC_WARN_UNDECLARED_SELECTOR = YES;
				GCC_WARN_UNINITIALIZED_AUTOS = YES_AGGRESSIVE;
				GCC_WARN_UNUSED_FUNCTION = YES;
				GCC_WARN_UNUSED_VARIABLE = YES;
				IPHONEOS_DEPLOYMENT_TARGET = 10.0;
				MTL_ENABLE_DEBUG_INFO = YES;
				ONLY_ACTIVE_ARCH = YES;
				SDKROOT = iphoneos;
			};
			name = Debug;
		};
		84C5FFC31D941A840062EEA3 /* Release */ = {
			isa = XCBuildConfiguration;
			buildSettings = {
				ALWAYS_SEARCH_USER_PATHS = NO;
				CLANG_ANALYZER_NONNULL = YES;
				CLANG_CXX_LANGUAGE_STANDARD = "gnu++0x";
				CLANG_CXX_LIBRARY = "libc++";
				CLANG_ENABLE_MODULES = YES;
				CLANG_ENABLE_OBJC_ARC = YES;
				CLANG_WARN_BOOL_CONVERSION = YES;
				CLANG_WARN_CONSTANT_CONVERSION = YES;
				CLANG_WARN_DIRECT_OBJC_ISA_USAGE = YES_ERROR;
				CLANG_WARN_DOCUMENTATION_COMMENTS = YES;
				CLANG_WARN_EMPTY_BODY = YES;
				CLANG_WARN_ENUM_CONVERSION = YES;
				CLANG_WARN_INFINITE_RECURSION = YES;
				CLANG_WARN_INT_CONVERSION = YES;
				CLANG_WARN_OBJC_ROOT_CLASS = YES_ERROR;
				CLANG_WARN_SUSPICIOUS_MOVES = YES;
				CLANG_WARN_UNREACHABLE_CODE = YES;
				CLANG_WARN__DUPLICATE_METHOD_MATCH = YES;
				"CODE_SIGN_IDENTITY[sdk=iphoneos*]" = "iPhone Developer";
				COPY_PHASE_STRIP = NO;
				DEBUG_INFORMATION_FORMAT = "dwarf-with-dsym";
				ENABLE_NS_ASSERTIONS = NO;
				ENABLE_STRICT_OBJC_MSGSEND = YES;
				GCC_C_LANGUAGE_STANDARD = gnu99;
				GCC_NO_COMMON_BLOCKS = YES;
				GCC_WARN_64_TO_32_BIT_CONVERSION = YES;
				GCC_WARN_ABOUT_RETURN_TYPE = YES_ERROR;
				GCC_WARN_UNDECLARED_SELECTOR = YES;
				GCC_WARN_UNINITIALIZED_AUTOS = YES_AGGRESSIVE;
				GCC_WARN_UNUSED_FUNCTION = YES;
				GCC_WARN_UNUSED_VARIABLE = YES;
				IPHONEOS_DEPLOYMENT_TARGET = 10.0;
				MTL_ENABLE_DEBUG_INFO = NO;
				SDKROOT = iphoneos;
				VALIDATE_PRODUCT = YES;
			};
			name = Release;
		};
		84C5FFC51D941A840062EEA3 /* Debug */ = {
			isa = XCBuildConfiguration;
			buildSettings = {
				ASSETCATALOG_COMPILER_APPICON_NAME = AppIcon;
				ASSETCATALOG_COMPILER_LAUNCHIMAGE_NAME = LaunchImage;
				INFOPLIST_FILE = "SinaWeibo-OC/Info.plist";
				LD_RUNPATH_SEARCH_PATHS = "$(inherited) @executable_path/Frameworks";
				PRODUCT_BUNDLE_IDENTIFIER = "com.DerrickQin.SinaWeibo-OC";
				PRODUCT_NAME = "$(TARGET_NAME)";
			};
			name = Debug;
		};
		84C5FFC61D941A840062EEA3 /* Release */ = {
			isa = XCBuildConfiguration;
			buildSettings = {
				ASSETCATALOG_COMPILER_APPICON_NAME = AppIcon;
				ASSETCATALOG_COMPILER_LAUNCHIMAGE_NAME = LaunchImage;
				INFOPLIST_FILE = "SinaWeibo-OC/Info.plist";
				LD_RUNPATH_SEARCH_PATHS = "$(inherited) @executable_path/Frameworks";
				PRODUCT_BUNDLE_IDENTIFIER = "com.DerrickQin.SinaWeibo-OC";
				PRODUCT_NAME = "$(TARGET_NAME)";
			};
			name = Release;
		};
/* End XCBuildConfiguration section */

/* Begin XCConfigurationList section */
		84C5FFA81D941A840062EEA3 /* Build configuration list for PBXProject "SinaWeibo-OC" */ = {
			isa = XCConfigurationList;
			buildConfigurations = (
				84C5FFC21D941A840062EEA3 /* Debug */,
				84C5FFC31D941A840062EEA3 /* Release */,
			);
			defaultConfigurationIsVisible = 0;
			defaultConfigurationName = Release;
		};
		84C5FFC41D941A840062EEA3 /* Build configuration list for PBXNativeTarget "SinaWeibo-OC" */ = {
			isa = XCConfigurationList;
			buildConfigurations = (
				84C5FFC51D941A840062EEA3 /* Debug */,
				84C5FFC61D941A840062EEA3 /* Release */,
			);
			defaultConfigurationIsVisible = 0;
			defaultConfigurationName = Release;
		};
/* End XCConfigurationList section */
	};
	rootObject = 84C5FFA51D941A840062EEA3 /* Project object */;
}
